
Microsoft Visual Studio Solution File, Format Version 12.00
# Visual Studio Version 16
VisualStudioVersion = 16.0.32002.261
MinimumVisualStudioVersion = 10.0.40219.1
Project("{8BC9CEB8-8B4A-11D0-8D11-00A0C91BC942}") = "Map", "Map.vcxproj", "{15781CEA-6207-4321-A8BC-703708118CDE}"
EndProject
Global
	GlobalSection(SolutionConfigurationPlatforms) = preSolution
		Debug|x64 = Debug|x64
		Debug|x86 = Debug|x86
		Release|x64 = Release|x64
		Release|x86 = Release|x86
	EndGlobalSection
	GlobalSection(ProjectConfigurationPlatforms) = postSolution
		{15781CEA-6207-4321-A8BC-703708118CDE}.Debug|x64.ActiveCfg = Debug|x64
		{15781CEA-6207-4321-A8BC-703708118CDE}.Debug|x64.Build.0 = Debug|x64
		{15781CEA-6207-4321-A8BC-703708118CDE}.Debug|x86.ActiveCfg = Debug|Win32
		{15781CEA-6207-4321-A8BC-703708118CDE}.Debug|x86.Build.0 = Debug|Win32
		{15781CEA-6207-4321-A8BC-703708118CDE}.Release|x64.ActiveCfg = Release|x64
		{15781CEA-6207-4321-A8BC-703708118CDE}.Release|x64.Build.0 = Release|x64
		{15781CEA-6207-4321-A8BC-703708118CDE}.Release|x86.ActiveCfg = Release|Win32
		{15781CEA-6207-4321-A8BC-703708118CDE}.Release|x86.Build.0 = Release|Win32
	EndGlobalSection
	GlobalSection(SolutionProperties) = preSolution
		HideSolutionNode = FALSE
	EndGlobalSection
	GlobalSection(ExtensibilityGlobals) = postSolution
		SolutionGuid = {030B15D3-EBD2-49F7-A1EA-CB946B9B1113}
	EndGlobalSection
EndGlobal
